{
  "name": "sparxstaruserenvironmentcheck",
  "version": "1.0.0",
  "lockfileVersion": 3,
  "requires": true,
  "packages": {
    "": {
      "name": "sparxstaruserenvironmentcheck",
      "version": "1.0.0",
      "license": "SEE LICENSE IN LICENSE.md",
      "dependencies": {
        "device-detector-js": "^2.2.10"
      }
    },
    "node_modules/device-detector-js": {
      "version": "2.2.10",
      "resolved": "https://registry.npmjs.org/device-detector-js/-/device-detector-js-2.2.10.tgz",
      "integrity": "sha512-zLcDSU10WIqbARXecaVJJxx0ZuGWq+MVhj9f9qehdBCFr9RMa5mQGTt2IZNIgKuCIind/j/DzRDViEdc2FfBGQ==",
      "engines": {
        "node": ">= 8.11.4"
      }
    }
  }
}
